
Microsoft Visual Studio Solution File, Format Version 12.00
# Visual Studio Version 17
VisualStudioVersion = 17.13.35828.75 d17.13
MinimumVisualStudioVersion = 10.0.40219.1
Project("{FAE04EC0-301F-11D3-BF4B-00C04F79EFBC}") = "CardSnap", "CardSnap.csproj", "{6A6645D4-331D-4916-8D89-1DD00D5A256B}"
EndProject
Global
	GlobalSection(SolutionConfigurationPlatforms) = preSolution
		Debug|Any CPU = Debug|Any CPU
		Release|Any CPU = Release|Any CPU
	EndGlobalSection
	GlobalSection(ProjectConfigurationPlatforms) = postSolution
		{6A6645D4-331D-4916-8D89-1DD00D5A256B}.Debug|Any CPU.ActiveCfg = Debug|Any CPU
		{6A6645D4-331D-4916-8D89-1DD00D5A256B}.Debug|Any CPU.Build.0 = Debug|Any CPU
		{6A6645D4-331D-4916-8D89-1DD00D5A256B}.Release|Any CPU.ActiveCfg = Release|Any CPU
		{6A6645D4-331D-4916-8D89-1DD00D5A256B}.Release|Any CPU.Build.0 = Release|Any CPU
	EndGlobalSection
	GlobalSection(SolutionProperties) = preSolution
		HideSolutionNode = FALSE
	EndGlobalSection
	GlobalSection(ExtensibilityGlobals) = postSolution
		SolutionGuid = {0165516F-FBF5-4BB3-B38F-85882A53D942}
	EndGlobalSection
EndGlobal
